// !$*UTF8*$!
{
	archiveVersion = 1;
	classes = {
	};
	objectVersion = 77;
	objects = {

/* Begin PBXBuildFile section */
		00FB77F857B34F21612C0819 /* WidgetStore.swift in Sources */ = {isa = PBXBuildFile; fileRef = 5D0791EBB1B5070024A40B1A /* WidgetStore.swift */; };
		083A42F6672126C58765CA1C /* StateModel.swift in Sources */ = {isa = PBXBuildFile; fileRef = 9A9DADE13CB5357B82D092F1 /* StateModel.swift */; };
		0FD327A9B929ECF82F7E5026 /* LeftSideView.swift in Sources */ = {isa = PBXBuildFile; fileRef = EFE72328706E7A623FF4E81E /* LeftSideView.swift */; };
		1A4DF4EA8A197C0122B6CD88 /* WidgetRenderer.swift in Sources */ = {isa = PBXBuildFile; fileRef = C8A4772EC1DF06224545FA80 /* WidgetRenderer.swift */; };
		1E77F3C6F81AD0564F14824C /* WidgetConfig.swift in Sources */ = {isa = PBXBuildFile; fileRef = ECD0698516FDF9871FFF5C6F /* WidgetConfig.swift */; };
		2A9E20D63E0CC0F34118AF32 /* WidgetValueComputer.swift in Sources */ = {isa = PBXBuildFile; fileRef = 984F43F8D4E91F9EBD3E415A /* WidgetValueComputer.swift */; };
		2F3FC258A169010C69071DF0 /* RingWidget.swift in Sources */ = {isa = PBXBuildFile; fileRef = 5FB21BF5542FE6CA4AED10F7 /* RingWidget.swift */; };
		40A6924E9860250BF8373C7D /* TextWidget.swift in Sources */ = {isa = PBXBuildFile; fileRef = C64092BD47770FC0CCEB8EFB /* TextWidget.swift */; };
		41243C131E417A3F9B7BB84D /* AggregateWidget.swift in Sources */ = {isa = PBXBuildFile; fileRef = 868DD929F1D2119F6B8D9A12 /* AggregateWidget.swift */; };
		5EC4C18A0B0DBEBDEB8F072A /* SessionKeyExtractor.swift in Sources */ = {isa = PBXBuildFile; fileRef = 7A158E1BC0799ACEB3F50ACD /* SessionKeyExtractor.swift */; };
		600B13DFCCC5F789A0C2B73A /* StateWatcher.swift in Sources */ = {isa = PBXBuildFile; fileRef = A9FF1CC4D818E916F535E406 /* StateWatcher.swift */; };
		7CC1B02E7A74E8059111F008 /* ServiceConfig.swift in Sources */ = {isa = PBXBuildFile; fileRef = 8E74DD2F7701BA7EF38E4535 /* ServiceConfig.swift */; };
		7FC68D4F2A998421648D471A /* KeychainHelper.swift in Sources */ = {isa = PBXBuildFile; fileRef = 785C48870F7D50C608E045F5 /* KeychainHelper.swift */; };
		81ED33E7C8C83E4E7B86F2C3 /* WidgetListEditor.swift in Sources */ = {isa = PBXBuildFile; fileRef = 15FA515D5AD06D073A0B6352 /* WidgetListEditor.swift */; };
		94DD2048172D83044FB1C880 /* token_hudApp.swift in Sources */ = {isa = PBXBuildFile; fileRef = A6B354BB4B28539F177EE68A /* token_hudApp.swift */; };
		A97C40BDDCBA9F970EC4DD4E /* AppDelegate.swift in Sources */ = {isa = PBXBuildFile; fileRef = AFB3E874F27CEB54B2DF5487 /* AppDelegate.swift */; };
		C04189CC4BA2C75DAF9B2A15 /* NotchWindowManager.swift in Sources */ = {isa = PBXBuildFile; fileRef = 38C4EE03DEB973E73B766DE2 /* NotchWindowManager.swift */; };
		CC1E55CA118A407A193EE65A /* BarWidget.swift in Sources */ = {isa = PBXBuildFile; fileRef = 66EE1EED049C463DEC42FEF8 /* BarWidget.swift */; };
		F50A4E58A9068B53EF6F19C3 /* RightSideView.swift in Sources */ = {isa = PBXBuildFile; fileRef = C8373E4390D298807A0BBF1D /* RightSideView.swift */; };
		F6839D66065414BB4F75A4DB /* SettingsWindow.swift in Sources */ = {isa = PBXBuildFile; fileRef = 66A4DE6C02A1395C7E8137DD /* SettingsWindow.swift */; };
/* End PBXBuildFile section */

/* Begin PBXFileReference section */
		15FA515D5AD06D073A0B6352 /* WidgetListEditor.swift */ = {isa = PBXFileReference; lastKnownFileType = sourcecode.swift; path = WidgetListEditor.swift; sourceTree = "<group>"; };
		38C4EE03DEB973E73B766DE2 /* NotchWindowManager.swift */ = {isa = PBXFileReference; lastKnownFileType = sourcecode.swift; path = NotchWindowManager.swift; sourceTree = "<group>"; };
		5D0791EBB1B5070024A40B1A /* WidgetStore.swift */ = {isa = PBXFileReference; lastKnownFileType = sourcecode.swift; path = WidgetStore.swift; sourceTree = "<group>"; };
		5FB21BF5542FE6CA4AED10F7 /* RingWidget.swift */ = {isa = PBXFileReference; lastKnownFileType = sourcecode.swift; path = RingWidget.swift; sourceTree = "<group>"; };
		66A4DE6C02A1395C7E8137DD /* SettingsWindow.swift */ = {isa = PBXFileReference; lastKnownFileType = sourcecode.swift; path = SettingsWindow.swift; sourceTree = "<group>"; };
		66EE1EED049C463DEC42FEF8 /* BarWidget.swift */ = {isa = PBXFileReference; lastKnownFileType = sourcecode.swift; path = BarWidget.swift; sourceTree = "<group>"; };
		785C48870F7D50C608E045F5 /* KeychainHelper.swift */ = {isa = PBXFileReference; lastKnownFileType = sourcecode.swift; path = KeychainHelper.swift; sourceTree = "<group>"; };
		7A158E1BC0799ACEB3F50ACD /* SessionKeyExtractor.swift */ = {isa = PBXFileReference; lastKnownFileType = sourcecode.swift; path = SessionKeyExtractor.swift; sourceTree = "<group>"; };
		868DD929F1D2119F6B8D9A12 /* AggregateWidget.swift */ = {isa = PBXFileReference; lastKnownFileType = sourcecode.swift; path = AggregateWidget.swift; sourceTree = "<group>"; };
		8E74DD2F7701BA7EF38E4535 /* ServiceConfig.swift */ = {isa = PBXFileReference; lastKnownFileType = sourcecode.swift; path = ServiceConfig.swift; sourceTree = "<group>"; };
		984F43F8D4E91F9EBD3E415A /* WidgetValueComputer.swift */ = {isa = PBXFileReference; lastKnownFileType = sourcecode.swift; path = WidgetValueComputer.swift; sourceTree = "<group>"; };
		9A9DADE13CB5357B82D092F1 /* StateModel.swift */ = {isa = PBXFileReference; lastKnownFileType = sourcecode.swift; path = StateModel.swift; sourceTree = "<group>"; };
		A6B354BB4B28539F177EE68A /* token_hudApp.swift */ = {isa = PBXFileReference; lastKnownFileType = sourcecode.swift; path = token_hudApp.swift; sourceTree = "<group>"; };
		A9FF1CC4D818E916F535E406 /* StateWatcher.swift */ = {isa = PBXFileReference; lastKnownFileType = sourcecode.swift; path = StateWatcher.swift; sourceTree = "<group>"; };
		AFB3E874F27CEB54B2DF5487 /* AppDelegate.swift */ = {isa = PBXFileReference; lastKnownFileType = sourcecode.swift; path = AppDelegate.swift; sourceTree = "<group>"; };
		BE6F423D97166F8C00033C38 /* token_hud.app */ = {isa = PBXFileReference; explicitFileType = wrapper.application; includeInIndex = 0; path = token_hud.app; sourceTree = BUILT_PRODUCTS_DIR; };
		C0B2D7C7E9909F98C9E209AA /* token_hud-Bridging-Header.h */ = {isa = PBXFileReference; lastKnownFileType = sourcecode.c.h; path = "token_hud-Bridging-Header.h"; sourceTree = "<group>"; };
		C64092BD47770FC0CCEB8EFB /* TextWidget.swift */ = {isa = PBXFileReference; lastKnownFileType = sourcecode.swift; path = TextWidget.swift; sourceTree = "<group>"; };
		C8373E4390D298807A0BBF1D /* RightSideView.swift */ = {isa = PBXFileReference; lastKnownFileType = sourcecode.swift; path = RightSideView.swift; sourceTree = "<group>"; };
		C8A4772EC1DF06224545FA80 /* WidgetRenderer.swift */ = {isa = PBXFileReference; lastKnownFileType = sourcecode.swift; path = WidgetRenderer.swift; sourceTree = "<group>"; };
		CF286D60C8084A91D44CA0C6 /* token_hud.entitlements */ = {isa = PBXFileReference; lastKnownFileType = text.plist.entitlements; path = token_hud.entitlements; sourceTree = "<group>"; };
		ECD0698516FDF9871FFF5C6F /* WidgetConfig.swift */ = {isa = PBXFileReference; lastKnownFileType = sourcecode.swift; path = WidgetConfig.swift; sourceTree = "<group>"; };
		EFE72328706E7A623FF4E81E /* LeftSideView.swift */ = {isa = PBXFileReference; lastKnownFileType = sourcecode.swift; path = LeftSideView.swift; sourceTree = "<group>"; };
		FEF8CB8AF9790BE508616B5B /* Info.plist */ = {isa = PBXFileReference; lastKnownFileType = text.plist; path = Info.plist; sourceTree = "<group>"; };
/* End PBXFileReference section */

/* Begin PBXGroup section */
		00CAC50DA0902AF7048C17F1 /* token_hud */ = {
			isa = PBXGroup;
			children = (
				C0B2D7C7E9909F98C9E209AA /* token_hud-Bridging-Header.h */,
				CF286D60C8084A91D44CA0C6 /* token_hud.entitlements */,
				778C05A0F15D257BFB45EB9F /* App */,
				35D2F1286C8D357411BF85B2 /* Overlay */,
				4814A6EDE9E523A164E81E97 /* Resources */,
				4065EB9361852627F9596356 /* Settings */,
				2E0E42AD3EAC848DF7B3E9BE /* State */,
				FF41A067BDF47366F8AF4C00 /* Support */,
				8692D6520B736E298A5CC00E /* Widgets */,
			);
			path = token_hud;
			sourceTree = "<group>";
		};
		21D217461771185A0C43798A = {
			isa = PBXGroup;
			children = (
				00CAC50DA0902AF7048C17F1 /* token_hud */,
				CAEFD3FBC1006CF5589FA1FC /* token_hudCore */,
				4C07DEE80F0B1FF1741F6E0F /* Products */,
			);
			sourceTree = "<group>";
		};
		2E0E42AD3EAC848DF7B3E9BE /* State */ = {
			isa = PBXGroup;
			children = (
				A9FF1CC4D818E916F535E406 /* StateWatcher.swift */,
				5D0791EBB1B5070024A40B1A /* WidgetStore.swift */,
			);
			path = State;
			sourceTree = "<group>";
		};
		35D2F1286C8D357411BF85B2 /* Overlay */ = {
			isa = PBXGroup;
			children = (
				EFE72328706E7A623FF4E81E /* LeftSideView.swift */,
				38C4EE03DEB973E73B766DE2 /* NotchWindowManager.swift */,
				C8373E4390D298807A0BBF1D /* RightSideView.swift */,
			);
			path = Overlay;
			sourceTree = "<group>";
		};
		4065EB9361852627F9596356 /* Settings */ = {
			isa = PBXGroup;
			children = (
				8E74DD2F7701BA7EF38E4535 /* ServiceConfig.swift */,
				7A158E1BC0799ACEB3F50ACD /* SessionKeyExtractor.swift */,
				66A4DE6C02A1395C7E8137DD /* SettingsWindow.swift */,
				15FA515D5AD06D073A0B6352 /* WidgetListEditor.swift */,
			);
			path = Settings;
			sourceTree = "<group>";
		};
		4814A6EDE9E523A164E81E97 /* Resources */ = {
			isa = PBXGroup;
			children = (
				FEF8CB8AF9790BE508616B5B /* Info.plist */,
			);
			path = Resources;
			sourceTree = "<group>";
		};
		4C07DEE80F0B1FF1741F6E0F /* Products */ = {
			isa = PBXGroup;
			children = (
				BE6F423D97166F8C00033C38 /* token_hud.app */,
			);
			name = Products;
			sourceTree = "<group>";
		};
		778C05A0F15D257BFB45EB9F /* App */ = {
			isa = PBXGroup;
			children = (
				AFB3E874F27CEB54B2DF5487 /* AppDelegate.swift */,
				A6B354BB4B28539F177EE68A /* token_hudApp.swift */,
			);
			path = App;
			sourceTree = "<group>";
		};
		8692D6520B736E298A5CC00E /* Widgets */ = {
			isa = PBXGroup;
			children = (
				868DD929F1D2119F6B8D9A12 /* AggregateWidget.swift */,
				66EE1EED049C463DEC42FEF8 /* BarWidget.swift */,
				5FB21BF5542FE6CA4AED10F7 /* RingWidget.swift */,
				C64092BD47770FC0CCEB8EFB /* TextWidget.swift */,
				ECD0698516FDF9871FFF5C6F /* WidgetConfig.swift */,
				C8A4772EC1DF06224545FA80 /* WidgetRenderer.swift */,
			);
			path = Widgets;
			sourceTree = "<group>";
		};
		CAEFD3FBC1006CF5589FA1FC /* token_hudCore */ = {
			isa = PBXGroup;
			children = (
				9A9DADE13CB5357B82D092F1 /* StateModel.swift */,
				984F43F8D4E91F9EBD3E415A /* WidgetValueComputer.swift */,
			);
			name = token_hudCore;
			path = Sources/token_hudCore;
			sourceTree = "<group>";
		};
		FF41A067BDF47366F8AF4C00 /* Support */ = {
			isa = PBXGroup;
			children = (
				785C48870F7D50C608E045F5 /* KeychainHelper.swift */,
			);
			path = Support;
			sourceTree = "<group>";
		};
/* End PBXGroup section */

/* Begin PBXNativeTarget section */
		F343297FA2FEFBF0B6ED6675 /* token_hud */ = {
			isa = PBXNativeTarget;
			buildConfigurationList = 7258629B9396D1CFC6554095 /* Build configuration list for PBXNativeTarget "token_hud" */;
			buildPhases = (
				7D386869204FB371E6A7E732 /* Sources */,
			);
			buildRules = (
			);
			dependencies = (
			);
			name = token_hud;
			packageProductDependencies = (
			);
			productName = token_hud;
			productReference = BE6F423D97166F8C00033C38 /* token_hud.app */;
			productType = "com.apple.product-type.application";
		};
/* End PBXNativeTarget section */

/* Begin PBXProject section */
		33ED27EAE3CCA599F30F9300 /* Project object */ = {
			isa = PBXProject;
			attributes = {
				BuildIndependentTargetsInParallel = YES;
				LastUpgradeCheck = 1430;
				TargetAttributes = {
					F343297FA2FEFBF0B6ED6675 = {
						DevelopmentTeam = "";
						ProvisioningStyle = Manual;
					};
				};
			};
			buildConfigurationList = 07B51B65315E40D8AF11D26E /* Build configuration list for PBXProject "token_hud" */;
			developmentRegion = en;
			hasScannedForEncodings = 0;
			knownRegions = (
				Base,
				en,
			);
			mainGroup = 21D217461771185A0C43798A;
			minimizedProjectReferenceProxies = 1;
			preferredProjectObjectVersion = 77;
			productRefGroup = 4C07DEE80F0B1FF1741F6E0F /* Products */;
			projectDirPath = "";
			projectRoot = "";
			targets = (
				F343297FA2FEFBF0B6ED6675 /* token_hud */,
			);
		};
/* End PBXProject section */

/* Begin PBXSourcesBuildPhase section */
		7D386869204FB371E6A7E732 /* Sources */ = {
			isa = PBXSourcesBuildPhase;
			buildActionMask = 2147483647;
			files = (
				41243C131E417A3F9B7BB84D /* AggregateWidget.swift in Sources */,
				A97C40BDDCBA9F970EC4DD4E /* AppDelegate.swift in Sources */,
				CC1E55CA118A407A193EE65A /* BarWidget.swift in Sources */,
				7FC68D4F2A998421648D471A /* KeychainHelper.swift in Sources */,
				0FD327A9B929ECF82F7E5026 /* LeftSideView.swift in Sources */,
				C04189CC4BA2C75DAF9B2A15 /* NotchWindowManager.swift in Sources */,
				F50A4E58A9068B53EF6F19C3 /* RightSideView.swift in Sources */,
				2F3FC258A169010C69071DF0 /* RingWidget.swift in Sources */,
				7CC1B02E7A74E8059111F008 /* ServiceConfig.swift in Sources */,
				5EC4C18A0B0DBEBDEB8F072A /* SessionKeyExtractor.swift in Sources */,
				F6839D66065414BB4F75A4DB /* SettingsWindow.swift in Sources */,
				083A42F6672126C58765CA1C /* StateModel.swift in Sources */,
				600B13DFCCC5F789A0C2B73A /* StateWatcher.swift in Sources */,
				40A6924E9860250BF8373C7D /* TextWidget.swift in Sources */,
				1E77F3C6F81AD0564F14824C /* WidgetConfig.swift in Sources */,
				81ED33E7C8C83E4E7B86F2C3 /* WidgetListEditor.swift in Sources */,
				1A4DF4EA8A197C0122B6CD88 /* WidgetRenderer.swift in Sources */,
				00FB77F857B34F21612C0819 /* WidgetStore.swift in Sources */,
				2A9E20D63E0CC0F34118AF32 /* WidgetValueComputer.swift in Sources */,
				94DD2048172D83044FB1C880 /* token_hudApp.swift in Sources */,
			);
			runOnlyForDeploymentPostprocessing = 0;
		};
/* End PBXSourcesBuildPhase section */

/* Begin XCBuildConfiguration section */
		0388B6521475A380615F3B3C /* Debug */ = {
			isa = XCBuildConfiguration;
			buildSettings = {
				ALWAYS_SEARCH_USER_PATHS = NO;
				CLANG_ANALYZER_NONNULL = YES;
				CLANG_ANALYZER_NUMBER_OBJECT_CONVERSION = YES_AGGRESSIVE;
				CLANG_CXX_LANGUAGE_STANDARD = "gnu++14";
				CLANG_CXX_LIBRARY = "libc++";
				CLANG_ENABLE_MODULES = YES;
				CLANG_ENABLE_OBJC_ARC = YES;
				CLANG_ENABLE_OBJC_WEAK = YES;
				CLANG_WARN_BLOCK_CAPTURE_AUTORELEASING = YES;
				CLANG_WARN_BOOL_CONVERSION = YES;
				CLANG_WARN_COMMA = YES;
				CLANG_WARN_CONSTANT_CONVERSION = YES;
				CLANG_WARN_DEPRECATED_OBJC_IMPLEMENTATIONS = YES;
				CLANG_WARN_DIRECT_OBJC_ISA_USAGE = YES_ERROR;
				CLANG_WARN_DOCUMENTATION_COMMENTS = YES;
				CLANG_WARN_EMPTY_BODY = YES;
				CLANG_WARN_ENUM_CONVERSION = YES;
				CLANG_WARN_INFINITE_RECURSION = YES;
				CLANG_WARN_INT_CONVERSION = YES;
				CLANG_WARN_NON_LITERAL_NULL_CONVERSION = YES;
				CLANG_WARN_OBJC_IMPLICIT_RETAIN_SELF = YES;
				CLANG_WARN_OBJC_LITERAL_CONVERSION = YES;
				CLANG_WARN_OBJC_ROOT_CLASS = YES_ERROR;
				CLANG_WARN_QUOTED_INCLUDE_IN_FRAMEWORK_HEADER = YES;
				CLANG_WARN_RANGE_LOOP_ANALYSIS = YES;
				CLANG_WARN_STRICT_PROTOTYPES = YES;
				CLANG_WARN_SUSPICIOUS_MOVE = YES;
				CLANG_WARN_UNGUARDED_AVAILABILITY = YES_AGGRESSIVE;
				CLANG_WARN_UNREACHABLE_CODE = YES;
				CLANG_WARN__DUPLICATE_METHOD_MATCH = YES;
				COPY_PHASE_STRIP = NO;
				DEBUG_INFORMATION_FORMAT = dwarf;
				ENABLE_STRICT_OBJC_MSGSEND = YES;
				ENABLE_TESTABILITY = YES;
				GCC_C_LANGUAGE_STANDARD = gnu11;
				GCC_DYNAMIC_NO_PIC = NO;
				GCC_NO_COMMON_BLOCKS = YES;
				GCC_OPTIMIZATION_LEVEL = 0;
				GCC_PREPROCESSOR_DEFINITIONS = (
					"$(inherited)",
					"DEBUG=1",
				);
				GCC_WARN_64_TO_32_BIT_CONVERSION = YES;
				GCC_WARN_ABOUT_RETURN_TYPE = YES_ERROR;
				GCC_WARN_UNDECLARED_SELECTOR = YES;
				GCC_WARN_UNINITIALIZED_AUTOS = YES_AGGRESSIVE;
				GCC_WARN_UNUSED_FUNCTION = YES;
				GCC_WARN_UNUSED_VARIABLE = YES;
				MACOSX_DEPLOYMENT_TARGET = 14.0;
				MTL_ENABLE_DEBUG_INFO = INCLUDE_SOURCE;
				MTL_FAST_MATH = YES;
				ONLY_ACTIVE_ARCH = YES;
				OTHER_LDFLAGS = "-framework Security -framework ServiceManagement";
				PRODUCT_NAME = "$(TARGET_NAME)";
				SDKROOT = macosx;
				SWIFT_ACTIVE_COMPILATION_CONDITIONS = DEBUG;
				SWIFT_OBJC_BRIDGING_HEADER = "token_hud/token_hud-Bridging-Header.h";
				SWIFT_OPTIMIZATION_LEVEL = "-Onone";
				SWIFT_STRICT_CONCURRENCY = complete;
				SWIFT_VERSION = 6.0;
			};
			name = Debug;
		};
		2A139BA7A1810F8C814FEF90 /* Release */ = {
			isa = XCBuildConfiguration;
			buildSettings = {
				ALWAYS_SEARCH_USER_PATHS = NO;
				CLANG_ANALYZER_NONNULL = YES;
				CLANG_ANALYZER_NUMBER_OBJECT_CONVERSION = YES_AGGRESSIVE;
				CLANG_CXX_LANGUAGE_STANDARD = "gnu++14";
				CLANG_CXX_LIBRARY = "libc++";
				CLANG_ENABLE_MODULES = YES;
				CLANG_ENABLE_OBJC_ARC = YES;
				CLANG_ENABLE_OBJC_WEAK = YES;
				CLANG_WARN_BLOCK_CAPTURE_AUTORELEASING = YES;
				CLANG_WARN_BOOL_CONVERSION = YES;
				CLANG_WARN_COMMA = YES;
				CLANG_WARN_CONSTANT_CONVERSION = YES;
				CLANG_WARN_DEPRECATED_OBJC_IMPLEMENTATIONS = YES;
				CLANG_WARN_DIRECT_OBJC_ISA_USAGE = YES_ERROR;
				CLANG_WARN_DOCUMENTATION_COMMENTS = YES;
				CLANG_WARN_EMPTY_BODY = YES;
				CLANG_WARN_ENUM_CONVERSION = YES;
				CLANG_WARN_INFINITE_RECURSION = YES;
				CLANG_WARN_INT_CONVERSION = YES;
				CLANG_WARN_NON_LITERAL_NULL_CONVERSION = YES;
				CLANG_WARN_OBJC_IMPLICIT_RETAIN_SELF = YES;
				CLANG_WARN_OBJC_LITERAL_CONVERSION = YES;
				CLANG_WARN_OBJC_ROOT_CLASS = YES_ERROR;
				CLANG_WARN_QUOTED_INCLUDE_IN_FRAMEWORK_HEADER = YES;
				CLANG_WARN_RANGE_LOOP_ANALYSIS = YES;
				CLANG_WARN_STRICT_PROTOTYPES = YES;
				CLANG_WARN_SUSPICIOUS_MOVE = YES;
				CLANG_WARN_UNGUARDED_AVAILABILITY = YES_AGGRESSIVE;
				CLANG_WARN_UNREACHABLE_CODE = YES;
				CLANG_WARN__DUPLICATE_METHOD_MATCH = YES;
				COPY_PHASE_STRIP = NO;
				DEBUG_INFORMATION_FORMAT = "dwarf-with-dsym";
				ENABLE_NS_ASSERTIONS = NO;
				ENABLE_STRICT_OBJC_MSGSEND = YES;
				GCC_C_LANGUAGE_STANDARD = gnu11;
				GCC_NO_COMMON_BLOCKS = YES;
				GCC_WARN_64_TO_32_BIT_CONVERSION = YES;
				GCC_WARN_ABOUT_RETURN_TYPE = YES_ERROR;
				GCC_WARN_UNDECLARED_SELECTOR = YES;
				GCC_WARN_UNINITIALIZED_AUTOS = YES_AGGRESSIVE;
				GCC_WARN_UNUSED_FUNCTION = YES;
				GCC_WARN_UNUSED_VARIABLE = YES;
				MACOSX_DEPLOYMENT_TARGET = 14.0;
				MTL_ENABLE_DEBUG_INFO = NO;
				MTL_FAST_MATH = YES;
				OTHER_LDFLAGS = "-framework Security -framework ServiceManagement";
				PRODUCT_NAME = "$(TARGET_NAME)";
				SDKROOT = macosx;
				SWIFT_COMPILATION_MODE = wholemodule;
				SWIFT_OBJC_BRIDGING_HEADER = "token_hud/token_hud-Bridging-Header.h";
				SWIFT_OPTIMIZATION_LEVEL = "-O";
				SWIFT_STRICT_CONCURRENCY = complete;
				SWIFT_VERSION = 6.0;
			};
			name = Release;
		};
		2DDCEFC7FC4B71EFBEF8D894 /* Debug */ = {
			isa = XCBuildConfiguration;
			buildSettings = {
				ASSETCATALOG_COMPILER_APPICON_NAME = AppIcon;
				CODE_SIGNING_ALLOWED = NO;
				CODE_SIGNING_REQUIRED = NO;
				CODE_SIGN_ENTITLEMENTS = token_hud/token_hud.entitlements;
				CODE_SIGN_STYLE = Manual;
				COMBINE_HIDPI_IMAGES = YES;
				DEVELOPMENT_TEAM = "";
				INFOPLIST_FILE = token_hud/Resources/Info.plist;
				LD_RUNPATH_SEARCH_PATHS = (
					"$(inherited)",
					"@executable_path/../Frameworks",
				);
				PRODUCT_BUNDLE_IDENTIFIER = "com.tokenHud.token-hud";
				SDKROOT = macosx;
			};
			name = Debug;
		};
		FD2BE8B58E2FC80697FC75D3 /* Release */ = {
			isa = XCBuildConfiguration;
			buildSettings = {
				ASSETCATALOG_COMPILER_APPICON_NAME = AppIcon;
				CODE_SIGNING_ALLOWED = NO;
				CODE_SIGNING_REQUIRED = NO;
				CODE_SIGN_ENTITLEMENTS = token_hud/token_hud.entitlements;
				CODE_SIGN_STYLE = Manual;
				COMBINE_HIDPI_IMAGES = YES;
				DEVELOPMENT_TEAM = "";
				INFOPLIST_FILE = token_hud/Resources/Info.plist;
				LD_RUNPATH_SEARCH_PATHS = (
					"$(inherited)",
					"@executable_path/../Frameworks",
				);
				PRODUCT_BUNDLE_IDENTIFIER = "com.tokenHud.token-hud";
				SDKROOT = macosx;
			};
			name = Release;
		};
/* End XCBuildConfiguration section */

/* Begin XCConfigurationList section */
		07B51B65315E40D8AF11D26E /* Build configuration list for PBXProject "token_hud" */ = {
			isa = XCConfigurationList;
			buildConfigurations = (
				0388B6521475A380615F3B3C /* Debug */,
				2A139BA7A1810F8C814FEF90 /* Release */,
			);
			defaultConfigurationIsVisible = 0;
			defaultConfigurationName = Debug;
		};
		7258629B9396D1CFC6554095 /* Build configuration list for PBXNativeTarget "token_hud" */ = {
			isa = XCConfigurationList;
			buildConfigurations = (
				2DDCEFC7FC4B71EFBEF8D894 /* Debug */,
				FD2BE8B58E2FC80697FC75D3 /* Release */,
			);
			defaultConfigurationIsVisible = 0;
			defaultConfigurationName = Debug;
		};
/* End XCConfigurationList section */
	};
	rootObject = 33ED27EAE3CCA599F30F9300 /* Project object */;
}
